
Microsoft Visual Studio Solution File, Format Version 12.00
# Visual Studio 14
VisualStudioVersion = 14.0.25420.1
MinimumVisualStudioVersion = 10.0.40219.1
Project("{FAE04EC0-301F-11D3-BF4B-00C04F79EFBC}") = "PVCSClient.Libraries", "PVCSClient.Libraries\PVCSClient.Libraries.csproj", "{B5605612-521D-474E-A680-B93D9DE8A6AD}"
EndProject
Project("{FAE04EC0-301F-11D3-BF4B-00C04F79EFBC}") = "PVCSClient.LibrariesTests", "PVCSClient.LibrariesTests\PVCSClient.LibrariesTests.csproj", "{45C966BF-4CBE-47CC-8E5C-616987F7FDD1}"
EndProject
Global
	GlobalSection(SolutionConfigurationPlatforms) = preSolution
		Debug|Any CPU = Debug|Any CPU
		Release|Any CPU = Release|Any CPU
	EndGlobalSection
	GlobalSection(ProjectConfigurationPlatforms) = postSolution
		{B5605612-521D-474E-A680-B93D9DE8A6AD}.Debug|Any CPU.ActiveCfg = Debug|Any CPU
		{B5605612-521D-474E-A680-B93D9DE8A6AD}.Debug|Any CPU.Build.0 = Debug|Any CPU
		{B5605612-521D-474E-A680-B93D9DE8A6AD}.Release|Any CPU.ActiveCfg = Release|Any CPU
		{B5605612-521D-474E-A680-B93D9DE8A6AD}.Release|Any CPU.Build.0 = Release|Any CPU
		{45C966BF-4CBE-47CC-8E5C-616987F7FDD1}.Debug|Any CPU.ActiveCfg = Debug|Any CPU
		{45C966BF-4CBE-47CC-8E5C-616987F7FDD1}.Debug|Any CPU.Build.0 = Debug|Any CPU
		{45C966BF-4CBE-47CC-8E5C-616987F7FDD1}.Release|Any CPU.ActiveCfg = Release|Any CPU
		{45C966BF-4CBE-47CC-8E5C-616987F7FDD1}.Release|Any CPU.Build.0 = Release|Any CPU
	EndGlobalSection
	GlobalSection(SolutionProperties) = preSolution
		HideSolutionNode = FALSE
	EndGlobalSection
EndGlobal
